
Microsoft Visual Studio Solution File, Format Version 12.00
Project("{FAE04EC0-301F-11D3-BF4B-00C04F79EFBC}") = "Navi-Storage", "Navi-Storage\Navi-Storage.csproj", "{76AE56ED-F84C-4DD8-8E86-F9F7E51FC02A}"
EndProject
Project("{FAE04EC0-301F-11D3-BF4B-00C04F79EFBC}") = "Navi-Storage-Test", "Navi-Storage-Test\Navi-Storage-Test.csproj", "{EE0AB9A1-2F78-4391-AE46-3987E00CF524}"
EndProject
Global
	GlobalSection(SolutionConfigurationPlatforms) = preSolution
		Debug|Any CPU = Debug|Any CPU
		Release|Any CPU = Release|Any CPU
	EndGlobalSection
	GlobalSection(ProjectConfigurationPlatforms) = postSolution
		{76AE56ED-F84C-4DD8-8E86-F9F7E51FC02A}.Debug|Any CPU.ActiveCfg = Debug|Any CPU
		{76AE56ED-F84C-4DD8-8E86-F9F7E51FC02A}.Debug|Any CPU.Build.0 = Debug|Any CPU
		{76AE56ED-F84C-4DD8-8E86-F9F7E51FC02A}.Release|Any CPU.ActiveCfg = Release|Any CPU
		{76AE56ED-F84C-4DD8-8E86-F9F7E51FC02A}.Release|Any CPU.Build.0 = Release|Any CPU
		{EE0AB9A1-2F78-4391-AE46-3987E00CF524}.Debug|Any CPU.ActiveCfg = Debug|Any CPU
		{EE0AB9A1-2F78-4391-AE46-3987E00CF524}.Debug|Any CPU.Build.0 = Debug|Any CPU
		{EE0AB9A1-2F78-4391-AE46-3987E00CF524}.Release|Any CPU.ActiveCfg = Release|Any CPU
		{EE0AB9A1-2F78-4391-AE46-3987E00CF524}.Release|Any CPU.Build.0 = Release|Any CPU
	EndGlobalSection
EndGlobal
